// !$*UTF8*$!
{
	archiveVersion = 1;
	classes = {
	};
	objectVersion = 56;
	objects = {

/* Begin PBXBuildFile section */
		4E651C5A3C756220E2FEBAC2 /* Pods_NewsTask.framework in Frameworks */ = {isa = PBXBuildFile; fileRef = AA688F17E3810F1086779BDD /* Pods_NewsTask.framework */; };
		E652D3E92CD67BB50068A078 /* AppDelegate.swift in Sources */ = {isa = PBXBuildFile; fileRef = E652D3E82CD67BB50068A078 /* AppDelegate.swift */; };
		E652D3EB2CD67BB50068A078 /* SceneDelegate.swift in Sources */ = {isa = PBXBuildFile; fileRef = E652D3EA2CD67BB50068A078 /* SceneDelegate.swift */; };
		E652D3ED2CD67BB50068A078 /* ViewController.swift in Sources */ = {isa = PBXBuildFile; fileRef = E652D3EC2CD67BB50068A078 /* ViewController.swift */; };
		E652D3F02CD67BB50068A078 /* Base in Resources */ = {isa = PBXBuildFile; fileRef = E652D3EF2CD67BB50068A078 /* Base */; };
		E652D3F32CD67BB50068A078 /* NewsTask.xcdatamodeld in Sources */ = {isa = PBXBuildFile; fileRef = E652D3F12CD67BB50068A078 /* NewsTask.xcdatamodeld */; };
		E652D3F52CD67BB90068A078 /* Assets.xcassets in Resources */ = {isa = PBXBuildFile; fileRef = E652D3F42CD67BB90068A078 /* Assets.xcassets */; };
		E652D3F82CD67BB90068A078 /* Base in Resources */ = {isa = PBXBuildFile; fileRef = E652D3F72CD67BB90068A078 /* Base */; };
/* End PBXBuildFile section */

/* Begin PBXFileReference section */
		32F6C053D45668D134CA5819 /* Pods-NewsTask.release.xcconfig */ = {isa = PBXFileReference; includeInIndex = 1; lastKnownFileType = text.xcconfig; name = "Pods-NewsTask.release.xcconfig"; path = "Target Support Files/Pods-NewsTask/Pods-NewsTask.release.xcconfig"; sourceTree = "<group>"; };
		AA688F17E3810F1086779BDD /* Pods_NewsTask.framework */ = {isa = PBXFileReference; explicitFileType = wrapper.framework; includeInIndex = 0; path = Pods_NewsTask.framework; sourceTree = BUILT_PRODUCTS_DIR; };
		E652D3E52CD67BB50068A078 /* NewsTask.app */ = {isa = PBXFileReference; explicitFileType = wrapper.application; includeInIndex = 0; path = NewsTask.app; sourceTree = BUILT_PRODUCTS_DIR; };
		E652D3E82CD67BB50068A078 /* AppDelegate.swift */ = {isa = PBXFileReference; lastKnownFileType = sourcecode.swift; path = AppDelegate.swift; sourceTree = "<group>"; };
		E652D3EA2CD67BB50068A078 /* SceneDelegate.swift */ = {isa = PBXFileReference; lastKnownFileType = sourcecode.swift; path = SceneDelegate.swift; sourceTree = "<group>"; };
		E652D3EC2CD67BB50068A078 /* ViewController.swift */ = {isa = PBXFileReference; lastKnownFileType = sourcecode.swift; path = ViewController.swift; sourceTree = "<group>"; };
		E652D3EF2CD67BB50068A078 /* Base */ = {isa = PBXFileReference; lastKnownFileType = file.storyboard; name = Base; path = Base.lproj/Main.storyboard; sourceTree = "<group>"; };
		E652D3F22CD67BB50068A078 /* NewsTask.xcdatamodel */ = {isa = PBXFileReference; lastKnownFileType = wrapper.xcdatamodel; path = NewsTask.xcdatamodel; sourceTree = "<group>"; };
		E652D3F42CD67BB90068A078 /* Assets.xcassets */ = {isa = PBXFileReference; lastKnownFileType = folder.assetcatalog; path = Assets.xcassets; sourceTree = "<group>"; };
		E652D3F72CD67BB90068A078 /* Base */ = {isa = PBXFileReference; lastKnownFileType = file.storyboard; name = Base; path = Base.lproj/LaunchScreen.storyboard; sourceTree = "<group>"; };
		E652D3F92CD67BB90068A078 /* Info.plist */ = {isa = PBXFileReference; lastKnownFileType = text.plist.xml; path = Info.plist; sourceTree = "<group>"; };
		F1188BE0D3C229C9E0E672C4 /* Pods-NewsTask.debug.xcconfig */ = {isa = PBXFileReference; includeInIndex = 1; lastKnownFileType = text.xcconfig; name = "Pods-NewsTask.debug.xcconfig"; path = "Target Support Files/Pods-NewsTask/Pods-NewsTask.debug.xcconfig"; sourceTree = "<group>"; };
/* End PBXFileReference section */

/* Begin PBXFrameworksBuildPhase section */
		E652D3E22CD67BB50068A078 /* Frameworks */ = {
			isa = PBXFrameworksBuildPhase;
			buildActionMask = 2147483647;
			files = (
				4E651C5A3C756220E2FEBAC2 /* Pods_NewsTask.framework in Frameworks */,
			);
			runOnlyForDeploymentPostprocessing = 0;
		};
/* End PBXFrameworksBuildPhase section */

/* Begin PBXGroup section */
		0EAD8B5711AD4B6043AE27C3 /* Pods */ = {
			isa = PBXGroup;
			children = (
				F1188BE0D3C229C9E0E672C4 /* Pods-NewsTask.debug.xcconfig */,
				32F6C053D45668D134CA5819 /* Pods-NewsTask.release.xcconfig */,
			);
			path = Pods;
			sourceTree = "<group>";
		};
		E652D3DC2CD67BB50068A078 = {
			isa = PBXGroup;
			children = (
				E652D3E72CD67BB50068A078 /* NewsTask */,
				E652D3E62CD67BB50068A078 /* Products */,
				0EAD8B5711AD4B6043AE27C3 /* Pods */,
				F65EE225215993D250E54FB7 /* Frameworks */,
			);
			sourceTree = "<group>";
		};
		E652D3E62CD67BB50068A078 /* Products */ = {
			isa = PBXGroup;
			children = (
				E652D3E52CD67BB50068A078 /* NewsTask.app */,
			);
			name = Products;
			sourceTree = "<group>";
		};
		E652D3E72CD67BB50068A078 /* NewsTask */ = {
			isa = PBXGroup;
			children = (
				E652D3E82CD67BB50068A078 /* AppDelegate.swift */,
				E652D3EA2CD67BB50068A078 /* SceneDelegate.swift */,
				E652D3EC2CD67BB50068A078 /* ViewController.swift */,
				E652D3EE2CD67BB50068A078 /* Main.storyboard */,
				E652D3F42CD67BB90068A078 /* Assets.xcassets */,
				E652D3F62CD67BB90068A078 /* LaunchScreen.storyboard */,
				E652D3F92CD67BB90068A078 /* Info.plist */,
				E652D3F12CD67BB50068A078 /* NewsTask.xcdatamodeld */,
			);
			path = NewsTask;
			sourceTree = "<group>";
		};
		F65EE225215993D250E54FB7 /* Frameworks */ = {
			isa = PBXGroup;
			children = (
				AA688F17E3810F1086779BDD /* Pods_NewsTask.framework */,
			);
			name = Frameworks;
			sourceTree = "<group>";
		};
/* End PBXGroup section */

/* Begin PBXNativeTarget section */
		E652D3E42CD67BB50068A078 /* NewsTask */ = {
			isa = PBXNativeTarget;
			buildConfigurationList = E652D3FC2CD67BB90068A078 /* Build configuration list for PBXNativeTarget "NewsTask" */;
			buildPhases = (
				602CEEACEF93EDCA3483067E /* [CP] Check Pods Manifest.lock */,
				E652D3E12CD67BB50068A078 /* Sources */,
				E652D3E22CD67BB50068A078 /* Frameworks */,
				E652D3E32CD67BB50068A078 /* Resources */,
				C17BFD14B8E3C1311AC0B45B /* [CP] Embed Pods Frameworks */,
			);
			buildRules = (
			);
			dependencies = (
			);
			name = NewsTask;
			productName = NewsTask;
			productReference = E652D3E52CD67BB50068A078 /* NewsTask.app */;
			productType = "com.apple.product-type.application";
		};
/* End PBXNativeTarget section */

/* Begin PBXProject section */
		E652D3DD2CD67BB50068A078 /* Project object */ = {
			isa = PBXProject;
			attributes = {
				BuildIndependentTargetsInParallel = 1;
				LastSwiftUpdateCheck = 1530;
				LastUpgradeCheck = 1530;
				TargetAttributes = {
					E652D3E42CD67BB50068A078 = {
						CreatedOnToolsVersion = 15.3;
					};
				};
			};
			buildConfigurationList = E652D3E02CD67BB50068A078 /* Build configuration list for PBXProject "NewsTask" */;
			compatibilityVersion = "Xcode 14.0";
			developmentRegion = en;
			hasScannedForEncodings = 0;
			knownRegions = (
				en,
				Base,
			);
			mainGroup = E652D3DC2CD67BB50068A078;
			productRefGroup = E652D3E62CD67BB50068A078 /* Products */;
			projectDirPath = "";
			projectRoot = "";
			targets = (
				E652D3E42CD67BB50068A078 /* NewsTask */,
			);
		};
/* End PBXProject section */

/* Begin PBXResourcesBuildPhase section */
		E652D3E32CD67BB50068A078 /* Resources */ = {
			isa = PBXResourcesBuildPhase;
			buildActionMask = 2147483647;
			files = (
				E652D3F52CD67BB90068A078 /* Assets.xcassets in Resources */,
				E652D3F82CD67BB90068A078 /* Base in Resources */,
				E652D3F02CD67BB50068A078 /* Base in Resources */,
			);
			runOnlyForDeploymentPostprocessing = 0;
		};
/* End PBXResourcesBuildPhase section */

/* Begin PBXShellScriptBuildPhase section */
		602CEEACEF93EDCA3483067E /* [CP] Check Pods Manifest.lock */ = {
			isa = PBXShellScriptBuildPhase;
			buildActionMask = 2147483647;
			files = (
			);
			inputFileListPaths = (
			);
			inputPaths = (
				"${PODS_PODFILE_DIR_PATH}/Podfile.lock",
				"${PODS_ROOT}/Manifest.lock",
			);
			name = "[CP] Check Pods Manifest.lock";
			outputFileListPaths = (
			);
			outputPaths = (
				"$(DERIVED_FILE_DIR)/Pods-NewsTask-checkManifestLockResult.txt",
			);
			runOnlyForDeploymentPostprocessing = 0;
			shellPath = /bin/sh;
			shellScript = "diff \"${PODS_PODFILE_DIR_PATH}/Podfile.lock\" \"${PODS_ROOT}/Manifest.lock\" > /dev/null\nif [ $? != 0 ] ; then\n    # print error to STDERR\n    echo \"error: The sandbox is not in sync with the Podfile.lock. Run 'pod install' or update your CocoaPods installation.\" >&2\n    exit 1\nfi\n# This output is used by Xcode 'outputs' to avoid re-running this script phase.\necho \"SUCCESS\" > \"${SCRIPT_OUTPUT_FILE_0}\"\n";
			showEnvVarsInLog = 0;
		};
		C17BFD14B8E3C1311AC0B45B /* [CP] Embed Pods Frameworks */ = {
			isa = PBXShellScriptBuildPhase;
			buildActionMask = 2147483647;
			files = (
			);
			inputFileListPaths = (
				"${PODS_ROOT}/Target Support Files/Pods-NewsTask/Pods-NewsTask-frameworks-${CONFIGURATION}-input-files.xcfilelist",
			);
			name = "[CP] Embed Pods Frameworks";
			outputFileListPaths = (
				"${PODS_ROOT}/Target Support Files/Pods-NewsTask/Pods-NewsTask-frameworks-${CONFIGURATION}-output-files.xcfilelist",
			);
			runOnlyForDeploymentPostprocessing = 0;
			shellPath = /bin/sh;
			shellScript = "\"${PODS_ROOT}/Target Support Files/Pods-NewsTask/Pods-NewsTask-frameworks.sh\"\n";
			showEnvVarsInLog = 0;
		};
/* End PBXShellScriptBuildPhase section */

/* Begin PBXSourcesBuildPhase section */
		E652D3E12CD67BB50068A078 /* Sources */ = {
			isa = PBXSourcesBuildPhase;
			buildActionMask = 2147483647;
			files = (
				E652D3ED2CD67BB50068A078 /* ViewController.swift in Sources */,
				E652D3F32CD67BB50068A078 /* NewsTask.xcdatamodeld in Sources */,
				E652D3E92CD67BB50068A078 /* AppDelegate.swift in Sources */,
				E652D3EB2CD67BB50068A078 /* SceneDelegate.swift in Sources */,
			);
			runOnlyForDeploymentPostprocessing = 0;
		};
/* End PBXSourcesBuildPhase section */

/* Begin PBXVariantGroup section */
		E652D3EE2CD67BB50068A078 /* Main.storyboard */ = {
			isa = PBXVariantGroup;
			children = (
				E652D3EF2CD67BB50068A078 /* Base */,
			);
			name = Main.storyboard;
			sourceTree = "<group>";
		};
		E652D3F62CD67BB90068A078 /* LaunchScreen.storyboard */ = {
			isa = PBXVariantGroup;
			children = (
				E652D3F72CD67BB90068A078 /* Base */,
			);
			name = LaunchScreen.storyboard;
			sourceTree = "<group>";
		};
/* End PBXVariantGroup section */

/* Begin XCBuildConfiguration section */
		E652D3FA2CD67BB90068A078 /* Debug */ = {
			isa = XCBuildConfiguration;
			buildSettings = {
				ALWAYS_SEARCH_USER_PATHS = NO;
				ASSETCATALOG_COMPILER_GENERATE_SWIFT_ASSET_SYMBOL_EXTENSIONS = YES;
				CLANG_ANALYZER_NONNULL = YES;
				CLANG_ANALYZER_NUMBER_OBJECT_CONVERSION = YES_AGGRESSIVE;
				CLANG_CXX_LANGUAGE_STANDARD = "gnu++20";
				CLANG_ENABLE_MODULES = YES;
				CLANG_ENABLE_OBJC_ARC = YES;
				CLANG_ENABLE_OBJC_WEAK = YES;
				CLANG_WARN_BLOCK_CAPTURE_AUTORELEASING = YES;
				CLANG_WARN_BOOL_CONVERSION = YES;
				CLANG_WARN_COMMA = YES;
				CLANG_WARN_CONSTANT_CONVERSION = YES;
				CLANG_WARN_DEPRECATED_OBJC_IMPLEMENTATIONS = YES;
				CLANG_WARN_DIRECT_OBJC_ISA_USAGE = YES_ERROR;
				CLANG_WARN_DOCUMENTATION_COMMENTS = YES;
				CLANG_WARN_EMPTY_BODY = YES;
				CLANG_WARN_ENUM_CONVERSION = YES;
				CLANG_WARN_INFINITE_RECURSION = YES;
				CLANG_WARN_INT_CONVERSION = YES;
				CLANG_WARN_NON_LITERAL_NULL_CONVERSION = YES;
				CLANG_WARN_OBJC_IMPLICIT_RETAIN_SELF = YES;
				CLANG_WARN_OBJC_LITERAL_CONVERSION = YES;
				CLANG_WARN_OBJC_ROOT_CLASS = YES_ERROR;
				CLANG_WARN_QUOTED_INCLUDE_IN_FRAMEWORK_HEADER = YES;
				CLANG_WARN_RANGE_LOOP_ANALYSIS = YES;
				CLANG_WARN_STRICT_PROTOTYPES = YES;
				CLANG_WARN_SUSPICIOUS_MOVE = YES;
				CLANG_WARN_UNGUARDED_AVAILABILITY = YES_AGGRESSIVE;
				CLANG_WARN_UNREACHABLE_CODE = YES;
				CLANG_WARN__DUPLICATE_METHOD_MATCH = YES;
				COPY_PHASE_STRIP = NO;
				DEBUG_INFORMATION_FORMAT = dwarf;
				ENABLE_STRICT_OBJC_MSGSEND = YES;
				ENABLE_TESTABILITY = YES;
				ENABLE_USER_SCRIPT_SANDBOXING = YES;
				GCC_C_LANGUAGE_STANDARD = gnu17;
				GCC_DYNAMIC_NO_PIC = NO;
				GCC_NO_COMMON_BLOCKS = YES;
				GCC_OPTIMIZATION_LEVEL = 0;
				GCC_PREPROCESSOR_DEFINITIONS = (
					"DEBUG=1",
					"$(inherited)",
				);
				GCC_WARN_64_TO_32_BIT_CONVERSION = YES;
				GCC_WARN_ABOUT_RETURN_TYPE = YES_ERROR;
				GCC_WARN_UNDECLARED_SELECTOR = YES;
				GCC_WARN_UNINITIALIZED_AUTOS = YES_AGGRESSIVE;
				GCC_WARN_UNUSED_FUNCTION = YES;
				GCC_WARN_UNUSED_VARIABLE = YES;
				IPHONEOS_DEPLOYMENT_TARGET = 17.4;
				LOCALIZATION_PREFERS_STRING_CATALOGS = YES;
				MTL_ENABLE_DEBUG_INFO = INCLUDE_SOURCE;
				MTL_FAST_MATH = YES;
				ONLY_ACTIVE_ARCH = YES;
				SDKROOT = iphoneos;
				SWIFT_ACTIVE_COMPILATION_CONDITIONS = "DEBUG $(inherited)";
				SWIFT_OPTIMIZATION_LEVEL = "-Onone";
			};
			name = Debug;
		};
		E652D3FB2CD67BB90068A078 /* Release */ = {
			isa = XCBuildConfiguration;
			buildSettings = {
				ALWAYS_SEARCH_USER_PATHS = NO;
				ASSETCATALOG_COMPILER_GENERATE_SWIFT_ASSET_SYMBOL_EXTENSIONS = YES;
				CLANG_ANALYZER_NONNULL = YES;
				CLANG_ANALYZER_NUMBER_OBJECT_CONVERSION = YES_AGGRESSIVE;
				CLANG_CXX_LANGUAGE_STANDARD = "gnu++20";
				CLANG_ENABLE_MODULES = YES;
				CLANG_ENABLE_OBJC_ARC = YES;
				CLANG_ENABLE_OBJC_WEAK = YES;
				CLANG_WARN_BLOCK_CAPTURE_AUTORELEASING = YES;
				CLANG_WARN_BOOL_CONVERSION = YES;
				CLANG_WARN_COMMA = YES;
				CLANG_WARN_CONSTANT_CONVERSION = YES;
				CLANG_WARN_DEPRECATED_OBJC_IMPLEMENTATIONS = YES;
				CLANG_WARN_DIRECT_OBJC_ISA_USAGE = YES_ERROR;
				CLANG_WARN_DOCUMENTATION_COMMENTS = YES;
				CLANG_WARN_EMPTY_BODY = YES;
				CLANG_WARN_ENUM_CONVERSION = YES;
				CLANG_WARN_INFINITE_RECURSION = YES;
				CLANG_WARN_INT_CONVERSION = YES;
				CLANG_WARN_NON_LITERAL_NULL_CONVERSION = YES;
				CLANG_WARN_OBJC_IMPLICIT_RETAIN_SELF = YES;
				CLANG_WARN_OBJC_LITERAL_CONVERSION = YES;
				CLANG_WARN_OBJC_ROOT_CLASS = YES_ERROR;
				CLANG_WARN_QUOTED_INCLUDE_IN_FRAMEWORK_HEADER = YES;
				CLANG_WARN_RANGE_LOOP_ANALYSIS = YES;
				CLANG_WARN_STRICT_PROTOTYPES = YES;
				CLANG_WARN_SUSPICIOUS_MOVE = YES;
				CLANG_WARN_UNGUARDED_AVAILABILITY = YES_AGGRESSIVE;
				CLANG_WARN_UNREACHABLE_CODE = YES;
				CLANG_WARN__DUPLICATE_METHOD_MATCH = YES;
				COPY_PHASE_STRIP = NO;
				DEBUG_INFORMATION_FORMAT = "dwarf-with-dsym";
				ENABLE_NS_ASSERTIONS = NO;
				ENABLE_STRICT_OBJC_MSGSEND = YES;
				ENABLE_USER_SCRIPT_SANDBOXING = YES;
				GCC_C_LANGUAGE_STANDARD = gnu17;
				GCC_NO_COMMON_BLOCKS = YES;
				GCC_WARN_64_TO_32_BIT_CONVERSION = YES;
				GCC_WARN_ABOUT_RETURN_TYPE = YES_ERROR;
				GCC_WARN_UNDECLARED_SELECTOR = YES;
				GCC_WARN_UNINITIALIZED_AUTOS = YES_AGGRESSIVE;
				GCC_WARN_UNUSED_FUNCTION = YES;
				GCC_WARN_UNUSED_VARIABLE = YES;
				IPHONEOS_DEPLOYMENT_TARGET = 17.4;
				LOCALIZATION_PREFERS_STRING_CATALOGS = YES;
				MTL_ENABLE_DEBUG_INFO = NO;
				MTL_FAST_MATH = YES;
				SDKROOT = iphoneos;
				SWIFT_COMPILATION_MODE = wholemodule;
				VALIDATE_PRODUCT = YES;
			};
			name = Release;
		};
		E652D3FD2CD67BB90068A078 /* Debug */ = {
			isa = XCBuildConfiguration;
			baseConfigurationReference = F1188BE0D3C229C9E0E672C4 /* Pods-NewsTask.debug.xcconfig */;
			buildSettings = {
				ASSETCATALOG_COMPILER_APPICON_NAME = AppIcon;
				ASSETCATALOG_COMPILER_GLOBAL_ACCENT_COLOR_NAME = AccentColor;
				CODE_SIGN_STYLE = Automatic;
				CURRENT_PROJECT_VERSION = 1;
				ENABLE_USER_SCRIPT_SANDBOXING = NO;
				GENERATE_INFOPLIST_FILE = YES;
				INFOPLIST_FILE = NewsTask/Info.plist;
				INFOPLIST_KEY_UIApplicationSupportsIndirectInputEvents = YES;
				INFOPLIST_KEY_UILaunchStoryboardName = LaunchScreen;
				INFOPLIST_KEY_UIMainStoryboardFile = Main;
				INFOPLIST_KEY_UISupportedInterfaceOrientations_iPad = "UIInterfaceOrientationPortrait UIInterfaceOrientationPortraitUpsideDown UIInterfaceOrientationLandscapeLeft UIInterfaceOrientationLandscapeRight";
				INFOPLIST_KEY_UISupportedInterfaceOrientations_iPhone = "UIInterfaceOrientationPortrait UIInterfaceOrientationLandscapeLeft UIInterfaceOrientationLandscapeRight";
				LD_RUNPATH_SEARCH_PATHS = (
					"$(inherited)",
					"@executable_path/Frameworks",
				);
				MARKETING_VERSION = 1.0;
				PRODUCT_BUNDLE_IDENTIFIER = ITI.NewsTask;
				PRODUCT_NAME = "$(TARGET_NAME)";
				SWIFT_EMIT_LOC_STRINGS = YES;
				SWIFT_VERSION = 5.0;
				TARGETED_DEVICE_FAMILY = "1,2";
			};
			name = Debug;
		};
		E652D3FE2CD67BB90068A078 /* Release */ = {
			isa = XCBuildConfiguration;
			baseConfigurationReference = 32F6C053D45668D134CA5819 /* Pods-NewsTask.release.xcconfig */;
			buildSettings = {
				ASSETCATALOG_COMPILER_APPICON_NAME = AppIcon;
				ASSETCATALOG_COMPILER_GLOBAL_ACCENT_COLOR_NAME = AccentColor;
				CODE_SIGN_STYLE = Automatic;
				CURRENT_PROJECT_VERSION = 1;
				ENABLE_USER_SCRIPT_SANDBOXING = NO;
				GENERATE_INFOPLIST_FILE = YES;
				INFOPLIST_FILE = NewsTask/Info.plist;
				INFOPLIST_KEY_UIApplicationSupportsIndirectInputEvents = YES;
				INFOPLIST_KEY_UILaunchStoryboardName = LaunchScreen;
				INFOPLIST_KEY_UIMainStoryboardFile = Main;
				INFOPLIST_KEY_UISupportedInterfaceOrientations_iPad = "UIInterfaceOrientationPortrait UIInterfaceOrientationPortraitUpsideDown UIInterfaceOrientationLandscapeLeft UIInterfaceOrientationLandscapeRight";
				INFOPLIST_KEY_UISupportedInterfaceOrientations_iPhone = "UIInterfaceOrientationPortrait UIInterfaceOrientationLandscapeLeft UIInterfaceOrientationLandscapeRight";
				LD_RUNPATH_SEARCH_PATHS = (
					"$(inherited)",
					"@executable_path/Frameworks",
				);
				MARKETING_VERSION = 1.0;
				PRODUCT_BUNDLE_IDENTIFIER = ITI.NewsTask;
				PRODUCT_NAME = "$(TARGET_NAME)";
				SWIFT_EMIT_LOC_STRINGS = YES;
				SWIFT_VERSION = 5.0;
				TARGETED_DEVICE_FAMILY = "1,2";
			};
			name = Release;
		};
/* End XCBuildConfiguration section */

/* Begin XCConfigurationList section */
		E652D3E02CD67BB50068A078 /* Build configuration list for PBXProject "NewsTask" */ = {
			isa = XCConfigurationList;
			buildConfigurations = (
				E652D3FA2CD67BB90068A078 /* Debug */,
				E652D3FB2CD67BB90068A078 /* Release */,
			);
			defaultConfigurationIsVisible = 0;
			defaultConfigurationName = Release;
		};
		E652D3FC2CD67BB90068A078 /* Build configuration list for PBXNativeTarget "NewsTask" */ = {
			isa = XCConfigurationList;
			buildConfigurations = (
				E652D3FD2CD67BB90068A078 /* Debug */,
				E652D3FE2CD67BB90068A078 /* Release */,
			);
			defaultConfigurationIsVisible = 0;
			defaultConfigurationName = Release;
		};
/* End XCConfigurationList section */

/* Begin XCVersionGroup section */
		E652D3F12CD67BB50068A078 /* NewsTask.xcdatamodeld */ = {
			isa = XCVersionGroup;
			children = (
				E652D3F22CD67BB50068A078 /* NewsTask.xcdatamodel */,
			);
			currentVersion = E652D3F22CD67BB50068A078 /* NewsTask.xcdatamodel */;
			path = NewsTask.xcdatamodeld;
			sourceTree = "<group>";
			versionGroupType = wrapper.xcdatamodel;
		};
/* End XCVersionGroup section */
	};
	rootObject = E652D3DD2CD67BB50068A078 /* Project object */;
}
